
Microsoft Visual Studio Solution File, Format Version 12.00
# Visual Studio Version 16
VisualStudioVersion = 16.0.30804.86
MinimumVisualStudioVersion = 10.0.40219.1
Project("{FAE04EC0-301F-11D3-BF4B-00C04F79EFBC}") = "Projector Aligner", "Projector Aligner\Projector Aligner.csproj", "{02619737-2ECB-4CDA-ACBA-1126BB018367}"
EndProject
Global
	GlobalSection(SolutionConfigurationPlatforms) = preSolution
		Debug|x64 = Debug|x64
	EndGlobalSection
	GlobalSection(ProjectConfigurationPlatforms) = postSolution
		{02619737-2ECB-4CDA-ACBA-1126BB018367}.Debug|x64.ActiveCfg = Debug|x64
		{02619737-2ECB-4CDA-ACBA-1126BB018367}.Debug|x64.Build.0 = Debug|x64
	EndGlobalSection
	GlobalSection(SolutionProperties) = preSolution
		HideSolutionNode = FALSE
	EndGlobalSection
	GlobalSection(ExtensibilityGlobals) = postSolution
		SolutionGuid = {0AFF024C-3DCD-4A2B-903D-89A574F75DF5}
	EndGlobalSection
EndGlobal
